PODS:
  - Alamofire (4.3.0)
  - SwiftSpinner (1.1.0)

DEPENDENCIES:
  - Alamofire (~> 4.3)
  - SwiftSpinner

SPEC CHECKSUMS:
  Alamofire: 856a113053a7bc9cbe5d6367a555d773fc5cfef7
  SwiftSpinner: c03815614599b91eea46594bd52ba742849d0414

PODFILE CHECKSUM: 67656e046fbc852325beb1b6ac66c2b3ae64b8e3

COCOAPODS: 1.2.0
